
Microsoft Visual Studio Solution File, Format Version 12.00
# Visual Studio Express 15 for Windows Desktop
VisualStudioVersion = 15.0.28010.2003
MinimumVisualStudioVersion = 10.0.40219.1
Project("{FAE04EC0-301F-11D3-BF4B-00C04F79EFBC}") = "Task 1", "Task 1\Task 1.csproj", "{BE38F961-A836-479D-8B64-DC184CA3CCDF}"
EndProject
Global
	GlobalSection(SolutionConfigurationPlatforms) = preSolution
		Debug|Any CPU = Debug|Any CPU
		Release|Any CPU = Release|Any CPU
	EndGlobalSection
	GlobalSection(ProjectConfigurationPlatforms) = postSolution
		{BE38F961-A836-479D-8B64-DC184CA3CCDF}.Debug|Any CPU.ActiveCfg = Debug|Any CPU
		{BE38F961-A836-479D-8B64-DC184CA3CCDF}.Debug|Any CPU.Build.0 = Debug|Any CPU
		{BE38F961-A836-479D-8B64-DC184CA3CCDF}.Release|Any CPU.ActiveCfg = Release|Any CPU
		{BE38F961-A836-479D-8B64-DC184CA3CCDF}.Release|Any CPU.Build.0 = Release|Any CPU
	EndGlobalSection
	GlobalSection(SolutionProperties) = preSolution
		HideSolutionNode = FALSE
	EndGlobalSection
	GlobalSection(ExtensibilityGlobals) = postSolution
		SolutionGuid = {33F02BB1-E471-406A-B309-33797C8E458A}
	EndGlobalSection
EndGlobal
