
Microsoft Visual Studio Solution File, Format Version 12.00
# Visual Studio 15
VisualStudioVersion = 15.0.28307.329
MinimumVisualStudioVersion = 10.0.40219.1
Project("{FAE04EC0-301F-11D3-BF4B-00C04F79EFBC}") = "3", "3\3.csproj", "{7AA05A2B-5D57-41EB-9A6A-7D4FE2927192}"
EndProject
Global
	GlobalSection(SolutionConfigurationPlatforms) = preSolution
		Debug|Any CPU = Debug|Any CPU
		Release|Any CPU = Release|Any CPU
	EndGlobalSection
	GlobalSection(ProjectConfigurationPlatforms) = postSolution
		{7AA05A2B-5D57-41EB-9A6A-7D4FE2927192}.Debug|Any CPU.ActiveCfg = Debug|Any CPU
		{7AA05A2B-5D57-41EB-9A6A-7D4FE2927192}.Debug|Any CPU.Build.0 = Debug|Any CPU
		{7AA05A2B-5D57-41EB-9A6A-7D4FE2927192}.Release|Any CPU.ActiveCfg = Release|Any CPU
		{7AA05A2B-5D57-41EB-9A6A-7D4FE2927192}.Release|Any CPU.Build.0 = Release|Any CPU
	EndGlobalSection
	GlobalSection(SolutionProperties) = preSolution
		HideSolutionNode = FALSE
	EndGlobalSection
	GlobalSection(ExtensibilityGlobals) = postSolution
		SolutionGuid = {3E300318-7A53-4A04-9BBC-95E62A561C8F}
	EndGlobalSection
EndGlobal
