
Microsoft Visual Studio Solution File, Format Version 12.00
# Visual Studio 15
VisualStudioVersion = 15.0.28307.329
MinimumVisualStudioVersion = 10.0.40219.1
Project("{FAE04EC0-301F-11D3-BF4B-00C04F79EFBC}") = "Task 4", "Task 4\Task 4.csproj", "{0CF1D660-B328-4305-A14B-23C492D718AB}"
EndProject
Global
	GlobalSection(SolutionConfigurationPlatforms) = preSolution
		Debug|Any CPU = Debug|Any CPU
		Release|Any CPU = Release|Any CPU
	EndGlobalSection
	GlobalSection(ProjectConfigurationPlatforms) = postSolution
		{0CF1D660-B328-4305-A14B-23C492D718AB}.Debug|Any CPU.ActiveCfg = Debug|Any CPU
		{0CF1D660-B328-4305-A14B-23C492D718AB}.Debug|Any CPU.Build.0 = Debug|Any CPU
		{0CF1D660-B328-4305-A14B-23C492D718AB}.Release|Any CPU.ActiveCfg = Release|Any CPU
		{0CF1D660-B328-4305-A14B-23C492D718AB}.Release|Any CPU.Build.0 = Release|Any CPU
	EndGlobalSection
	GlobalSection(SolutionProperties) = preSolution
		HideSolutionNode = FALSE
	EndGlobalSection
	GlobalSection(ExtensibilityGlobals) = postSolution
		SolutionGuid = {C5A9F3AD-2699-42CF-8D3C-CB5E13D11E71}
	EndGlobalSection
EndGlobal
