
Microsoft Visual Studio Solution File, Format Version 12.00
# Visual Studio 15
VisualStudioVersion = 15.0.28307.329
MinimumVisualStudioVersion = 10.0.40219.1
Project("{FAE04EC0-301F-11D3-BF4B-00C04F79EFBC}") = "12", "12\12.csproj", "{17CC72A0-7C59-444A-8B83-72BFD6145D27}"
EndProject
Global
	GlobalSection(SolutionConfigurationPlatforms) = preSolution
		Debug|Any CPU = Debug|Any CPU
		Release|Any CPU = Release|Any CPU
	EndGlobalSection
	GlobalSection(ProjectConfigurationPlatforms) = postSolution
		{17CC72A0-7C59-444A-8B83-72BFD6145D27}.Debug|Any CPU.ActiveCfg = Debug|Any CPU
		{17CC72A0-7C59-444A-8B83-72BFD6145D27}.Debug|Any CPU.Build.0 = Debug|Any CPU
		{17CC72A0-7C59-444A-8B83-72BFD6145D27}.Release|Any CPU.ActiveCfg = Release|Any CPU
		{17CC72A0-7C59-444A-8B83-72BFD6145D27}.Release|Any CPU.Build.0 = Release|Any CPU
	EndGlobalSection
	GlobalSection(SolutionProperties) = preSolution
		HideSolutionNode = FALSE
	EndGlobalSection
	GlobalSection(ExtensibilityGlobals) = postSolution
		SolutionGuid = {05922D68-83F0-4843-91BF-3A6024112DC4}
	EndGlobalSection
EndGlobal
