
Microsoft Visual Studio Solution File, Format Version 12.00
# Visual Studio 15
VisualStudioVersion = 15.0.28307.329
MinimumVisualStudioVersion = 10.0.40219.1
Project("{FAE04EC0-301F-11D3-BF4B-00C04F79EFBC}") = "Snike", "Snike\Snike.csproj", "{F29D3488-60F3-435E-9C8B-94F1499BFC38}"
EndProject
Global
	GlobalSection(SolutionConfigurationPlatforms) = preSolution
		Debug|Any CPU = Debug|Any CPU
		Release|Any CPU = Release|Any CPU
	EndGlobalSection
	GlobalSection(ProjectConfigurationPlatforms) = postSolution
		{F29D3488-60F3-435E-9C8B-94F1499BFC38}.Debug|Any CPU.ActiveCfg = Debug|Any CPU
		{F29D3488-60F3-435E-9C8B-94F1499BFC38}.Debug|Any CPU.Build.0 = Debug|Any CPU
		{F29D3488-60F3-435E-9C8B-94F1499BFC38}.Release|Any CPU.ActiveCfg = Release|Any CPU
		{F29D3488-60F3-435E-9C8B-94F1499BFC38}.Release|Any CPU.Build.0 = Release|Any CPU
	EndGlobalSection
	GlobalSection(SolutionProperties) = preSolution
		HideSolutionNode = FALSE
	EndGlobalSection
	GlobalSection(ExtensibilityGlobals) = postSolution
		SolutionGuid = {F2579686-86DE-4B72-ACF9-BEDDCB60156E}
	EndGlobalSection
EndGlobal
