
Microsoft Visual Studio Solution File, Format Version 12.00
# Visual Studio 15
VisualStudioVersion = 15.0.28307.329
MinimumVisualStudioVersion = 10.0.40219.1
Project("{FAE04EC0-301F-11D3-BF4B-00C04F79EFBC}") = "10", "10\10.csproj", "{58F38519-00D9-43FD-94BE-63647E7A2139}"
EndProject
Global
	GlobalSection(SolutionConfigurationPlatforms) = preSolution
		Debug|Any CPU = Debug|Any CPU
		Release|Any CPU = Release|Any CPU
	EndGlobalSection
	GlobalSection(ProjectConfigurationPlatforms) = postSolution
		{58F38519-00D9-43FD-94BE-63647E7A2139}.Debug|Any CPU.ActiveCfg = Debug|Any CPU
		{58F38519-00D9-43FD-94BE-63647E7A2139}.Debug|Any CPU.Build.0 = Debug|Any CPU
		{58F38519-00D9-43FD-94BE-63647E7A2139}.Release|Any CPU.ActiveCfg = Release|Any CPU
		{58F38519-00D9-43FD-94BE-63647E7A2139}.Release|Any CPU.Build.0 = Release|Any CPU
	EndGlobalSection
	GlobalSection(SolutionProperties) = preSolution
		HideSolutionNode = FALSE
	EndGlobalSection
	GlobalSection(ExtensibilityGlobals) = postSolution
		SolutionGuid = {77C1FDE4-0467-48ED-BA93-EC80C8EA8EA3}
	EndGlobalSection
EndGlobal
