
Microsoft Visual Studio Solution File, Format Version 12.00
# Visual Studio 15
VisualStudioVersion = 15.0.28307.329
MinimumVisualStudioVersion = 10.0.40219.1
Project("{FAE04EC0-301F-11D3-BF4B-00C04F79EFBC}") = "Task 3", "Task 3\Task 3.csproj", "{D3EAB9EF-E510-45EB-ABEA-9FF596BEA26B}"
EndProject
Project("{FAE04EC0-301F-11D3-BF4B-00C04F79EFBC}") = "7", "..\..\Новая папка\7\7.csproj", "{972DED50-41DB-40B3-9D5E-103C23041223}"
EndProject
Project("{FAE04EC0-301F-11D3-BF4B-00C04F79EFBC}") = "1", "..\..\Новая папка\1\1\1.csproj", "{C33A3FB1-F604-472A-9C86-E8BEBA16DC4D}"
EndProject
Project("{FAE04EC0-301F-11D3-BF4B-00C04F79EFBC}") = "8", "..\..\Новая папка\8\8.csproj", "{05E7AC62-7415-4752-8AEF-6F37E47DEB43}"
EndProject
Global
	GlobalSection(SolutionConfigurationPlatforms) = preSolution
		Debug|Any CPU = Debug|Any CPU
		Release|Any CPU = Release|Any CPU
	EndGlobalSection
	GlobalSection(ProjectConfigurationPlatforms) = postSolution
		{D3EAB9EF-E510-45EB-ABEA-9FF596BEA26B}.Debug|Any CPU.ActiveCfg = Debug|Any CPU
		{D3EAB9EF-E510-45EB-ABEA-9FF596BEA26B}.Debug|Any CPU.Build.0 = Debug|Any CPU
		{D3EAB9EF-E510-45EB-ABEA-9FF596BEA26B}.Release|Any CPU.ActiveCfg = Release|Any CPU
		{D3EAB9EF-E510-45EB-ABEA-9FF596BEA26B}.Release|Any CPU.Build.0 = Release|Any CPU
		{972DED50-41DB-40B3-9D5E-103C23041223}.Debug|Any CPU.ActiveCfg = Debug|Any CPU
		{972DED50-41DB-40B3-9D5E-103C23041223}.Debug|Any CPU.Build.0 = Debug|Any CPU
		{972DED50-41DB-40B3-9D5E-103C23041223}.Release|Any CPU.ActiveCfg = Release|Any CPU
		{972DED50-41DB-40B3-9D5E-103C23041223}.Release|Any CPU.Build.0 = Release|Any CPU
		{C33A3FB1-F604-472A-9C86-E8BEBA16DC4D}.Debug|Any CPU.ActiveCfg = Debug|Any CPU
		{C33A3FB1-F604-472A-9C86-E8BEBA16DC4D}.Debug|Any CPU.Build.0 = Debug|Any CPU
		{C33A3FB1-F604-472A-9C86-E8BEBA16DC4D}.Release|Any CPU.ActiveCfg = Release|Any CPU
		{C33A3FB1-F604-472A-9C86-E8BEBA16DC4D}.Release|Any CPU.Build.0 = Release|Any CPU
		{05E7AC62-7415-4752-8AEF-6F37E47DEB43}.Debug|Any CPU.ActiveCfg = Debug|Any CPU
		{05E7AC62-7415-4752-8AEF-6F37E47DEB43}.Debug|Any CPU.Build.0 = Debug|Any CPU
		{05E7AC62-7415-4752-8AEF-6F37E47DEB43}.Release|Any CPU.ActiveCfg = Release|Any CPU
		{05E7AC62-7415-4752-8AEF-6F37E47DEB43}.Release|Any CPU.Build.0 = Release|Any CPU
	EndGlobalSection
	GlobalSection(SolutionProperties) = preSolution
		HideSolutionNode = FALSE
	EndGlobalSection
	GlobalSection(ExtensibilityGlobals) = postSolution
		SolutionGuid = {1E70372D-B3DE-4EEF-AAC2-7245877912E1}
	EndGlobalSection
EndGlobal
