
Microsoft Visual Studio Solution File, Format Version 12.00
# Visual Studio 15
VisualStudioVersion = 15.0.28307.329
MinimumVisualStudioVersion = 10.0.40219.1
Project("{FAE04EC0-301F-11D3-BF4B-00C04F79EFBC}") = "Task 1", "Task 1\Task 1.csproj", "{826984AC-06C8-4A51-8E72-B726F25FF3F4}"
EndProject
Global
	GlobalSection(SolutionConfigurationPlatforms) = preSolution
		Debug|Any CPU = Debug|Any CPU
		Release|Any CPU = Release|Any CPU
	EndGlobalSection
	GlobalSection(ProjectConfigurationPlatforms) = postSolution
		{826984AC-06C8-4A51-8E72-B726F25FF3F4}.Debug|Any CPU.ActiveCfg = Debug|Any CPU
		{826984AC-06C8-4A51-8E72-B726F25FF3F4}.Debug|Any CPU.Build.0 = Debug|Any CPU
		{826984AC-06C8-4A51-8E72-B726F25FF3F4}.Release|Any CPU.ActiveCfg = Release|Any CPU
		{826984AC-06C8-4A51-8E72-B726F25FF3F4}.Release|Any CPU.Build.0 = Release|Any CPU
	EndGlobalSection
	GlobalSection(SolutionProperties) = preSolution
		HideSolutionNode = FALSE
	EndGlobalSection
	GlobalSection(ExtensibilityGlobals) = postSolution
		SolutionGuid = {C88043CA-A47B-4746-997A-29910AA3A8CF}
	EndGlobalSection
EndGlobal
